
Microsoft Visual Studio Solution File, Format Version 12.00
# Visual Studio Version 17
VisualStudioVersion = 17.10.35122.118
MinimumVisualStudioVersion = 10.0.40219.1
Project("{FAE04EC0-301F-11D3-BF4B-00C04F79EFBC}") = "UserRegistration", "UserRegistration.csproj", "{1A88814B-E8E8-483E-BFC6-CBFD4E60C240}"
EndProject
Project("{FAE04EC0-301F-11D3-BF4B-00C04F79EFBC}") = "BusinessLayer", "..\BusinessLayer\BusinessLayer.csproj", "{BF0EFBE2-6DAB-4092-B536-39825536ECD3}"
EndProject
Project("{FAE04EC0-301F-11D3-BF4B-00C04F79EFBC}") = "Repository_Layer", "..\Repository_Layer\Repository_Layer.csproj", "{D9C0621D-8585-4DE7-AD2D-90D3D9C78FEC}"
EndProject
Global
	GlobalSection(SolutionConfigurationPlatforms) = preSolution
		Debug|Any CPU = Debug|Any CPU
		Release|Any CPU = Release|Any CPU
	EndGlobalSection
	GlobalSection(ProjectConfigurationPlatforms) = postSolution
		{1A88814B-E8E8-483E-BFC6-CBFD4E60C240}.Debug|Any CPU.ActiveCfg = Debug|Any CPU
		{1A88814B-E8E8-483E-BFC6-CBFD4E60C240}.Debug|Any CPU.Build.0 = Debug|Any CPU
		{1A88814B-E8E8-483E-BFC6-CBFD4E60C240}.Release|Any CPU.ActiveCfg = Release|Any CPU
		{1A88814B-E8E8-483E-BFC6-CBFD4E60C240}.Release|Any CPU.Build.0 = Release|Any CPU
		{BF0EFBE2-6DAB-4092-B536-39825536ECD3}.Debug|Any CPU.ActiveCfg = Debug|Any CPU
		{BF0EFBE2-6DAB-4092-B536-39825536ECD3}.Debug|Any CPU.Build.0 = Debug|Any CPU
		{BF0EFBE2-6DAB-4092-B536-39825536ECD3}.Release|Any CPU.ActiveCfg = Release|Any CPU
		{BF0EFBE2-6DAB-4092-B536-39825536ECD3}.Release|Any CPU.Build.0 = Release|Any CPU
		{D9C0621D-8585-4DE7-AD2D-90D3D9C78FEC}.Debug|Any CPU.ActiveCfg = Debug|Any CPU
		{D9C0621D-8585-4DE7-AD2D-90D3D9C78FEC}.Debug|Any CPU.Build.0 = Debug|Any CPU
		{D9C0621D-8585-4DE7-AD2D-90D3D9C78FEC}.Release|Any CPU.ActiveCfg = Release|Any CPU
		{D9C0621D-8585-4DE7-AD2D-90D3D9C78FEC}.Release|Any CPU.Build.0 = Release|Any CPU
	EndGlobalSection
	GlobalSection(SolutionProperties) = preSolution
		HideSolutionNode = FALSE
	EndGlobalSection
	GlobalSection(ExtensibilityGlobals) = postSolution
		SolutionGuid = {5D968D23-9BA9-474A-A506-5782DF298225}
	EndGlobalSection
EndGlobal
